
Microsoft Visual Studio Solution File, Format Version 11.00
# Visual Studio 2010
Project("{8BC9CEB8-8B4A-11D0-8D11-00A0C91BC942}") = "exp03soft", "exp03soft\exp03soft.vcxproj", "{FF98EFF5-7E84-4514-AA18-803BA629567D}"
EndProject
Global
	GlobalSection(SolutionConfigurationPlatforms) = preSolution
		Debug|Win32 = Debug|Win32
		Release|Win32 = Release|Win32
	EndGlobalSection
	GlobalSection(ProjectConfigurationPlatforms) = postSolution
		{FF98EFF5-7E84-4514-AA18-803BA629567D}.Debug|Win32.ActiveCfg = Debug|Win32
		{FF98EFF5-7E84-4514-AA18-803BA629567D}.Debug|Win32.Build.0 = Debug|Win32
		{FF98EFF5-7E84-4514-AA18-803BA629567D}.Release|Win32.ActiveCfg = Release|Win32
		{FF98EFF5-7E84-4514-AA18-803BA629567D}.Release|Win32.Build.0 = Release|Win32
	EndGlobalSection
	GlobalSection(SolutionProperties) = preSolution
		HideSolutionNode = FALSE
	EndGlobalSection
EndGlobal
